
Microsoft Visual Studio Solution File, Format Version 12.00
# Visual Studio Version 17
VisualStudioVersion = 17.2.32616.157
MinimumVisualStudioVersion = 10.0.40219.1
Project("{FAE04EC0-301F-11D3-BF4B-00C04F79EFBC}") = "KalkulackaApp", "KalkulackaApp\KalkulackaApp.csproj", "{9028D9D4-0102-48C0-9B98-60D41FA8A103}"
EndProject
Project("{FAE04EC0-301F-11D3-BF4B-00C04F79EFBC}") = "TestProject1", "TestProject1\TestProject1.csproj", "{4849A73E-661F-4791-850E-C9257B0F52F0}"
EndProject
Global
	GlobalSection(SolutionConfigurationPlatforms) = preSolution
		Debug|Any CPU = Debug|Any CPU
		Release|Any CPU = Release|Any CPU
	EndGlobalSection
	GlobalSection(ProjectConfigurationPlatforms) = postSolution
		{9028D9D4-0102-48C0-9B98-60D41FA8A103}.Debug|Any CPU.ActiveCfg = Debug|Any CPU
		{9028D9D4-0102-48C0-9B98-60D41FA8A103}.Debug|Any CPU.Build.0 = Debug|Any CPU
		{9028D9D4-0102-48C0-9B98-60D41FA8A103}.Release|Any CPU.ActiveCfg = Release|Any CPU
		{9028D9D4-0102-48C0-9B98-60D41FA8A103}.Release|Any CPU.Build.0 = Release|Any CPU
		{4849A73E-661F-4791-850E-C9257B0F52F0}.Debug|Any CPU.ActiveCfg = Debug|Any CPU
		{4849A73E-661F-4791-850E-C9257B0F52F0}.Debug|Any CPU.Build.0 = Debug|Any CPU
		{4849A73E-661F-4791-850E-C9257B0F52F0}.Release|Any CPU.ActiveCfg = Release|Any CPU
		{4849A73E-661F-4791-850E-C9257B0F52F0}.Release|Any CPU.Build.0 = Release|Any CPU
	EndGlobalSection
	GlobalSection(SolutionProperties) = preSolution
		HideSolutionNode = FALSE
	EndGlobalSection
	GlobalSection(ExtensibilityGlobals) = postSolution
		SolutionGuid = {BBC5522F-0A58-4B19-BE7F-A6E15A584A25}
	EndGlobalSection
EndGlobal
